
Microsoft Visual Studio Solution File, Format Version 12.00
# Visual Studio Version 16
VisualStudioVersion = 16.0.30114.105
MinimumVisualStudioVersion = 10.0.40219.1
Project("{FAE04EC0-301F-11D3-BF4B-00C04F79EFBC}") = "EmployeesDetails", "EmployeesDetails.csproj", "{DFD08B41-0366-40C1-B1DE-5C3150F60F66}"
EndProject
Global
	GlobalSection(SolutionConfigurationPlatforms) = preSolution
		Debug|Any CPU = Debug|Any CPU
		Release|Any CPU = Release|Any CPU
	EndGlobalSection
	GlobalSection(ProjectConfigurationPlatforms) = postSolution
		{DFD08B41-0366-40C1-B1DE-5C3150F60F66}.Debug|Any CPU.ActiveCfg = Debug|Any CPU
		{DFD08B41-0366-40C1-B1DE-5C3150F60F66}.Debug|Any CPU.Build.0 = Debug|Any CPU
		{DFD08B41-0366-40C1-B1DE-5C3150F60F66}.Release|Any CPU.ActiveCfg = Release|Any CPU
		{DFD08B41-0366-40C1-B1DE-5C3150F60F66}.Release|Any CPU.Build.0 = Release|Any CPU
	EndGlobalSection
	GlobalSection(SolutionProperties) = preSolution
		HideSolutionNode = FALSE
	EndGlobalSection
	GlobalSection(ExtensibilityGlobals) = postSolution
		SolutionGuid = {B560F9FE-2647-4927-8CBB-E4245B7D4B19}
	EndGlobalSection
EndGlobal
